
Microsoft Visual Studio Solution File, Format Version 12.00
# Visual Studio 15
VisualStudioVersion = 15.0.27703.2035
MinimumVisualStudioVersion = 10.0.40219.1
Project("{FAE04EC0-301F-11D3-BF4B-00C04F79EFBC}") = "UVMRADIO.Android", "UVMRADIO\UVMRADIO.Android\UVMRADIO.Android.csproj", "{7EF1E63D-DB90-47BC-B028-E0A79BEC4999}"
EndProject
Project("{FAE04EC0-301F-11D3-BF4B-00C04F79EFBC}") = "UVMRADIO.iOS", "UVMRADIO\UVMRADIO.iOS\UVMRADIO.iOS.csproj", "{895CA322-22EF-4002-BC1C-1568A74CACBD}"
EndProject
Project("{FAE04EC0-301F-11D3-BF4B-00C04F79EFBC}") = "UVMRADIO", "UVMRADIO\UVMRADIO\UVMRADIO.csproj", "{B5947767-0B75-41D9-9E1C-FE0464492711}"
EndProject
Global
	GlobalSection(SolutionConfigurationPlatforms) = preSolution
		Ad-Hoc|Any CPU = Ad-Hoc|Any CPU
		Ad-Hoc|iPhone = Ad-Hoc|iPhone
		Ad-Hoc|iPhoneSimulator = Ad-Hoc|iPhoneSimulator
		AppStore|Any CPU = AppStore|Any CPU
		AppStore|iPhone = AppStore|iPhone
		AppStore|iPhoneSimulator = AppStore|iPhoneSimulator
		Debug|Any CPU = Debug|Any CPU
		Debug|iPhone = Debug|iPhone
		Debug|iPhoneSimulator = Debug|iPhoneSimulator
		Release|Any CPU = Release|Any CPU
		Release|iPhone = Release|iPhone
		Release|iPhoneSimulator = Release|iPhoneSimulator
	EndGlobalSection
	GlobalSection(ProjectConfigurationPlatforms) = postSolution
		{7EF1E63D-DB90-47BC-B028-E0A79BEC4999}.Ad-Hoc|Any CPU.ActiveCfg = Release|Any CPU
		{7EF1E63D-DB90-47BC-B028-E0A79BEC4999}.Ad-Hoc|Any CPU.Build.0 = Release|Any CPU
		{7EF1E63D-DB90-47BC-B028-E0A79BEC4999}.Ad-Hoc|Any CPU.Deploy.0 = Release|Any CPU
		{7EF1E63D-DB90-47BC-B028-E0A79BEC4999}.Ad-Hoc|iPhone.ActiveCfg = Release|Any CPU
		{7EF1E63D-DB90-47BC-B028-E0A79BEC4999}.Ad-Hoc|iPhone.Build.0 = Release|Any CPU
		{7EF1E63D-DB90-47BC-B028-E0A79BEC4999}.Ad-Hoc|iPhone.Deploy.0 = Release|Any CPU
		{7EF1E63D-DB90-47BC-B028-E0A79BEC4999}.Ad-Hoc|iPhoneSimulator.ActiveCfg = Release|Any CPU
		{7EF1E63D-DB90-47BC-B028-E0A79BEC4999}.Ad-Hoc|iPhoneSimulator.Build.0 = Release|Any CPU
		{7EF1E63D-DB90-47BC-B028-E0A79BEC4999}.Ad-Hoc|iPhoneSimulator.Deploy.0 = Release|Any CPU
		{7EF1E63D-DB90-47BC-B028-E0A79BEC4999}.AppStore|Any CPU.ActiveCfg = Release|Any CPU
		{7EF1E63D-DB90-47BC-B028-E0A79BEC4999}.AppStore|Any CPU.Build.0 = Release|Any CPU
		{7EF1E63D-DB90-47BC-B028-E0A79BEC4999}.AppStore|Any CPU.Deploy.0 = Release|Any CPU
		{7EF1E63D-DB90-47BC-B028-E0A79BEC4999}.AppStore|iPhone.ActiveCfg = Release|Any CPU
		{7EF1E63D-DB90-47BC-B028-E0A79BEC4999}.AppStore|iPhone.Build.0 = Release|Any CPU
		{7EF1E63D-DB90-47BC-B028-E0A79BEC4999}.AppStore|iPhone.Deploy.0 = Release|Any CPU
		{7EF1E63D-DB90-47BC-B028-E0A79BEC4999}.AppStore|iPhoneSimulator.ActiveCfg = Release|Any CPU
		{7EF1E63D-DB90-47BC-B028-E0A79BEC4999}.AppStore|iPhoneSimulator.Build.0 = Release|Any CPU
		{7EF1E63D-DB90-47BC-B028-E0A79BEC4999}.AppStore|iPhoneSimulator.Deploy.0 = Release|Any CPU
		{7EF1E63D-DB90-47BC-B028-E0A79BEC4999}.Debug|Any CPU.ActiveCfg = Debug|Any CPU
		{7EF1E63D-DB90-47BC-B028-E0A79BEC4999}.Debug|Any CPU.Build.0 = Debug|Any CPU
		{7EF1E63D-DB90-47BC-B028-E0A79BEC4999}.Debug|Any CPU.Deploy.0 = Debug|Any CPU
		{7EF1E63D-DB90-47BC-B028-E0A79BEC4999}.Debug|iPhone.ActiveCfg = Debug|Any CPU
		{7EF1E63D-DB90-47BC-B028-E0A79BEC4999}.Debug|iPhone.Build.0 = Debug|Any CPU
		{7EF1E63D-DB90-47BC-B028-E0A79BEC4999}.Debug|iPhone.Deploy.0 = Debug|Any CPU
		{7EF1E63D-DB90-47BC-B028-E0A79BEC4999}.Debug|iPhoneSimulator.ActiveCfg = Debug|Any CPU
		{7EF1E63D-DB90-47BC-B028-E0A79BEC4999}.Debug|iPhoneSimulator.Build.0 = Debug|Any CPU
		{7EF1E63D-DB90-47BC-B028-E0A79BEC4999}.Debug|iPhoneSimulator.Deploy.0 = Debug|Any CPU
		{7EF1E63D-DB90-47BC-B028-E0A79BEC4999}.Release|Any CPU.ActiveCfg = Release|Any CPU
		{7EF1E63D-DB90-47BC-B028-E0A79BEC4999}.Release|Any CPU.Build.0 = Release|Any CPU
		{7EF1E63D-DB90-47BC-B028-E0A79BEC4999}.Release|Any CPU.Deploy.0 = Release|Any CPU
		{7EF1E63D-DB90-47BC-B028-E0A79BEC4999}.Release|iPhone.ActiveCfg = Release|Any CPU
		{7EF1E63D-DB90-47BC-B028-E0A79BEC4999}.Release|iPhone.Build.0 = Release|Any CPU
		{7EF1E63D-DB90-47BC-B028-E0A79BEC4999}.Release|iPhone.Deploy.0 = Release|Any CPU
		{7EF1E63D-DB90-47BC-B028-E0A79BEC4999}.Release|iPhoneSimulator.ActiveCfg = Release|Any CPU
		{7EF1E63D-DB90-47BC-B028-E0A79BEC4999}.Release|iPhoneSimulator.Build.0 = Release|Any CPU
		{7EF1E63D-DB90-47BC-B028-E0A79BEC4999}.Release|iPhoneSimulator.Deploy.0 = Release|Any CPU
		{895CA322-22EF-4002-BC1C-1568A74CACBD}.Ad-Hoc|Any CPU.ActiveCfg = Ad-Hoc|iPhone
		{895CA322-22EF-4002-BC1C-1568A74CACBD}.Ad-Hoc|Any CPU.Build.0 = Ad-Hoc|iPhone
		{895CA322-22EF-4002-BC1C-1568A74CACBD}.Ad-Hoc|Any CPU.Deploy.0 = Ad-Hoc|iPhone
		{895CA322-22EF-4002-BC1C-1568A74CACBD}.Ad-Hoc|iPhone.ActiveCfg = Ad-Hoc|iPhone
		{895CA322-22EF-4002-BC1C-1568A74CACBD}.Ad-Hoc|iPhone.Build.0 = Ad-Hoc|iPhone
		{895CA322-22EF-4002-BC1C-1568A74CACBD}.Ad-Hoc|iPhone.Deploy.0 = Ad-Hoc|iPhone
		{895CA322-22EF-4002-BC1C-1568A74CACBD}.Ad-Hoc|iPhoneSimulator.ActiveCfg = Ad-Hoc|iPhoneSimulator
		{895CA322-22EF-4002-BC1C-1568A74CACBD}.Ad-Hoc|iPhoneSimulator.Build.0 = Ad-Hoc|iPhoneSimulator
		{895CA322-22EF-4002-BC1C-1568A74CACBD}.Ad-Hoc|iPhoneSimulator.Deploy.0 = Ad-Hoc|iPhoneSimulator
		{895CA322-22EF-4002-BC1C-1568A74CACBD}.AppStore|Any CPU.ActiveCfg = AppStore|iPhone
		{895CA322-22EF-4002-BC1C-1568A74CACBD}.AppStore|Any CPU.Build.0 = AppStore|iPhone
		{895CA322-22EF-4002-BC1C-1568A74CACBD}.AppStore|Any CPU.Deploy.0 = AppStore|iPhone
		{895CA322-22EF-4002-BC1C-1568A74CACBD}.AppStore|iPhone.ActiveCfg = AppStore|iPhone
		{895CA322-22EF-4002-BC1C-1568A74CACBD}.AppStore|iPhone.Build.0 = AppStore|iPhone
		{895CA322-22EF-4002-BC1C-1568A74CACBD}.AppStore|iPhone.Deploy.0 = AppStore|iPhone
		{895CA322-22EF-4002-BC1C-1568A74CACBD}.AppStore|iPhoneSimulator.ActiveCfg = AppStore|iPhoneSimulator
		{895CA322-22EF-4002-BC1C-1568A74CACBD}.AppStore|iPhoneSimulator.Build.0 = AppStore|iPhoneSimulator
		{895CA322-22EF-4002-BC1C-1568A74CACBD}.AppStore|iPhoneSimulator.Deploy.0 = AppStore|iPhoneSimulator
		{895CA322-22EF-4002-BC1C-1568A74CACBD}.Debug|Any CPU.ActiveCfg = Debug|iPhoneSimulator
		{895CA322-22EF-4002-BC1C-1568A74CACBD}.Debug|Any CPU.Build.0 = Debug|iPhoneSimulator
		{895CA322-22EF-4002-BC1C-1568A74CACBD}.Debug|Any CPU.Deploy.0 = Debug|iPhoneSimulator
		{895CA322-22EF-4002-BC1C-1568A74CACBD}.Debug|iPhone.ActiveCfg = Debug|iPhone
		{895CA322-22EF-4002-BC1C-1568A74CACBD}.Debug|iPhone.Build.0 = Debug|iPhone
		{895CA322-22EF-4002-BC1C-1568A74CACBD}.Debug|iPhone.Deploy.0 = Debug|iPhone
		{895CA322-22EF-4002-BC1C-1568A74CACBD}.Debug|iPhoneSimulator.ActiveCfg = Debug|iPhoneSimulator
		{895CA322-22EF-4002-BC1C-1568A74CACBD}.Debug|iPhoneSimulator.Build.0 = Debug|iPhoneSimulator
		{895CA322-22EF-4002-BC1C-1568A74CACBD}.Debug|iPhoneSimulator.Deploy.0 = Debug|iPhoneSimulator
		{895CA322-22EF-4002-BC1C-1568A74CACBD}.Release|Any CPU.ActiveCfg = Release|iPhone
		{895CA322-22EF-4002-BC1C-1568A74CACBD}.Release|Any CPU.Build.0 = Release|iPhone
		{895CA322-22EF-4002-BC1C-1568A74CACBD}.Release|Any CPU.Deploy.0 = Release|iPhone
		{895CA322-22EF-4002-BC1C-1568A74CACBD}.Release|iPhone.ActiveCfg = Release|iPhone
		{895CA322-22EF-4002-BC1C-1568A74CACBD}.Release|iPhone.Build.0 = Release|iPhone
		{895CA322-22EF-4002-BC1C-1568A74CACBD}.Release|iPhone.Deploy.0 = Release|iPhone
		{895CA322-22EF-4002-BC1C-1568A74CACBD}.Release|iPhoneSimulator.ActiveCfg = Release|iPhoneSimulator
		{895CA322-22EF-4002-BC1C-1568A74CACBD}.Release|iPhoneSimulator.Build.0 = Release|iPhoneSimulator
		{895CA322-22EF-4002-BC1C-1568A74CACBD}.Release|iPhoneSimulator.Deploy.0 = Release|iPhoneSimulator
		{B5947767-0B75-41D9-9E1C-FE0464492711}.Ad-Hoc|Any CPU.ActiveCfg = Debug|Any CPU
		{B5947767-0B75-41D9-9E1C-FE0464492711}.Ad-Hoc|Any CPU.Build.0 = Debug|Any CPU
		{B5947767-0B75-41D9-9E1C-FE0464492711}.Ad-Hoc|Any CPU.Deploy.0 = Debug|Any CPU
		{B5947767-0B75-41D9-9E1C-FE0464492711}.Ad-Hoc|iPhone.ActiveCfg = Debug|Any CPU
		{B5947767-0B75-41D9-9E1C-FE0464492711}.Ad-Hoc|iPhone.Build.0 = Debug|Any CPU
		{B5947767-0B75-41D9-9E1C-FE0464492711}.Ad-Hoc|iPhone.Deploy.0 = Debug|Any CPU
		{B5947767-0B75-41D9-9E1C-FE0464492711}.Ad-Hoc|iPhoneSimulator.ActiveCfg = Debug|Any CPU
		{B5947767-0B75-41D9-9E1C-FE0464492711}.Ad-Hoc|iPhoneSimulator.Build.0 = Debug|Any CPU
		{B5947767-0B75-41D9-9E1C-FE0464492711}.Ad-Hoc|iPhoneSimulator.Deploy.0 = Debug|Any CPU
		{B5947767-0B75-41D9-9E1C-FE0464492711}.AppStore|Any CPU.ActiveCfg = Debug|Any CPU
		{B5947767-0B75-41D9-9E1C-FE0464492711}.AppStore|Any CPU.Build.0 = Debug|Any CPU
		{B5947767-0B75-41D9-9E1C-FE0464492711}.AppStore|Any CPU.Deploy.0 = Debug|Any CPU
		{B5947767-0B75-41D9-9E1C-FE0464492711}.AppStore|iPhone.ActiveCfg = Debug|Any CPU
		{B5947767-0B75-41D9-9E1C-FE0464492711}.AppStore|iPhone.Build.0 = Debug|Any CPU
		{B5947767-0B75-41D9-9E1C-FE0464492711}.AppStore|iPhone.Deploy.0 = Debug|Any CPU
		{B5947767-0B75-41D9-9E1C-FE0464492711}.AppStore|iPhoneSimulator.ActiveCfg = Debug|Any CPU
		{B5947767-0B75-41D9-9E1C-FE0464492711}.AppStore|iPhoneSimulator.Build.0 = Debug|Any CPU
		{B5947767-0B75-41D9-9E1C-FE0464492711}.AppStore|iPhoneSimulator.Deploy.0 = Debug|Any CPU
		{B5947767-0B75-41D9-9E1C-FE0464492711}.Debug|Any CPU.ActiveCfg = Debug|Any CPU
		{B5947767-0B75-41D9-9E1C-FE0464492711}.Debug|Any CPU.Build.0 = Debug|Any CPU
		{B5947767-0B75-41D9-9E1C-FE0464492711}.Debug|Any CPU.Deploy.0 = Debug|Any CPU
		{B5947767-0B75-41D9-9E1C-FE0464492711}.Debug|iPhone.ActiveCfg = Debug|Any CPU
		{B5947767-0B75-41D9-9E1C-FE0464492711}.Debug|iPhone.Build.0 = Debug|Any CPU
		{B5947767-0B75-41D9-9E1C-FE0464492711}.Debug|iPhone.Deploy.0 = Debug|Any CPU
		{B5947767-0B75-41D9-9E1C-FE0464492711}.Debug|iPhoneSimulator.ActiveCfg = Debug|Any CPU
		{B5947767-0B75-41D9-9E1C-FE0464492711}.Debug|iPhoneSimulator.Build.0 = Debug|Any CPU
		{B5947767-0B75-41D9-9E1C-FE0464492711}.Debug|iPhoneSimulator.Deploy.0 = Debug|Any CPU
		{B5947767-0B75-41D9-9E1C-FE0464492711}.Release|Any CPU.ActiveCfg = Release|Any CPU
		{B5947767-0B75-41D9-9E1C-FE0464492711}.Release|Any CPU.Build.0 = Release|Any CPU
		{B5947767-0B75-41D9-9E1C-FE0464492711}.Release|Any CPU.Deploy.0 = Release|Any CPU
		{B5947767-0B75-41D9-9E1C-FE0464492711}.Release|iPhone.ActiveCfg = Release|Any CPU
		{B5947767-0B75-41D9-9E1C-FE0464492711}.Release|iPhone.Build.0 = Release|Any CPU
		{B5947767-0B75-41D9-9E1C-FE0464492711}.Release|iPhone.Deploy.0 = Release|Any CPU
		{B5947767-0B75-41D9-9E1C-FE0464492711}.Release|iPhoneSimulator.ActiveCfg = Release|Any CPU
		{B5947767-0B75-41D9-9E1C-FE0464492711}.Release|iPhoneSimulator.Build.0 = Release|Any CPU
		{B5947767-0B75-41D9-9E1C-FE0464492711}.Release|iPhoneSimulator.Deploy.0 = Release|Any CPU
	EndGlobalSection
	GlobalSection(SolutionProperties) = preSolution
		HideSolutionNode = FALSE
	EndGlobalSection
	GlobalSection(ExtensibilityGlobals) = postSolution
		SolutionGuid = {F863AC96-7277-4B81-858E-C5F76DAE105E}
	EndGlobalSection
EndGlobal
